
Microsoft Visual Studio Solution File, Format Version 12.00
# Visual Studio Version 16
VisualStudioVersion = 16.0.29920.165
MinimumVisualStudioVersion = 10.0.40219.1
Project("{FAE04EC0-301F-11D3-BF4B-00C04F79EFBC}") = "Blazor_GamePalitinho", "Blazor_GamePalitinho\Blazor_GamePalitinho.csproj", "{F477DA2C-1999-4341-959F-F87D2E4C2F27}"
EndProject
Global
	GlobalSection(SolutionConfigurationPlatforms) = preSolution
		Debug|Any CPU = Debug|Any CPU
		Release|Any CPU = Release|Any CPU
	EndGlobalSection
	GlobalSection(ProjectConfigurationPlatforms) = postSolution
		{F477DA2C-1999-4341-959F-F87D2E4C2F27}.Debug|Any CPU.ActiveCfg = Debug|Any CPU
		{F477DA2C-1999-4341-959F-F87D2E4C2F27}.Debug|Any CPU.Build.0 = Debug|Any CPU
		{F477DA2C-1999-4341-959F-F87D2E4C2F27}.Release|Any CPU.ActiveCfg = Release|Any CPU
		{F477DA2C-1999-4341-959F-F87D2E4C2F27}.Release|Any CPU.Build.0 = Release|Any CPU
	EndGlobalSection
	GlobalSection(SolutionProperties) = preSolution
		HideSolutionNode = FALSE
	EndGlobalSection
	GlobalSection(ExtensibilityGlobals) = postSolution
		SolutionGuid = {49FD46F0-665D-45D0-A454-0DACAE7CD946}
	EndGlobalSection
EndGlobal
